
Microsoft Visual Studio Solution File, Format Version 12.00
# Visual Studio Version 17
VisualStudioVersion = 17.8.34316.72
MinimumVisualStudioVersion = 10.0.40219.1
Project("{9A19103F-16F7-4668-BE54-9A1E7A4F7556}") = "Reservation.App", "Reservation.App\Reservation.App.csproj", "{3CCB31E3-1684-463A-BA95-91A78DD772AC}"
EndProject
Project("{9A19103F-16F7-4668-BE54-9A1E7A4F7556}") = "Reservation.Service", "Reservation.Service\Reservation.Service.csproj", "{44FEECC9-AAA4-4F5A-8C5B-BBF49A21F59A}"
EndProject
Project("{FAE04EC0-301F-11D3-BF4B-00C04F79EFBC}") = "Reservation.Service.UnitTest", "Reservation.Service.UnitTest\Reservation.Service.UnitTest.csproj", "{F98F33BF-29BD-40AF-BAC9-224FFCC4D74D}"
EndProject
Global
	GlobalSection(SolutionConfigurationPlatforms) = preSolution
		Debug|Any CPU = Debug|Any CPU
		Release|Any CPU = Release|Any CPU
	EndGlobalSection
	GlobalSection(ProjectConfigurationPlatforms) = postSolution
		{3CCB31E3-1684-463A-BA95-91A78DD772AC}.Debug|Any CPU.ActiveCfg = Debug|Any CPU
		{3CCB31E3-1684-463A-BA95-91A78DD772AC}.Debug|Any CPU.Build.0 = Debug|Any CPU
		{3CCB31E3-1684-463A-BA95-91A78DD772AC}.Release|Any CPU.ActiveCfg = Release|Any CPU
		{3CCB31E3-1684-463A-BA95-91A78DD772AC}.Release|Any CPU.Build.0 = Release|Any CPU
		{44FEECC9-AAA4-4F5A-8C5B-BBF49A21F59A}.Debug|Any CPU.ActiveCfg = Debug|Any CPU
		{44FEECC9-AAA4-4F5A-8C5B-BBF49A21F59A}.Debug|Any CPU.Build.0 = Debug|Any CPU
		{44FEECC9-AAA4-4F5A-8C5B-BBF49A21F59A}.Release|Any CPU.ActiveCfg = Release|Any CPU
		{44FEECC9-AAA4-4F5A-8C5B-BBF49A21F59A}.Release|Any CPU.Build.0 = Release|Any CPU
		{F98F33BF-29BD-40AF-BAC9-224FFCC4D74D}.Debug|Any CPU.ActiveCfg = Debug|Any CPU
		{F98F33BF-29BD-40AF-BAC9-224FFCC4D74D}.Debug|Any CPU.Build.0 = Debug|Any CPU
		{F98F33BF-29BD-40AF-BAC9-224FFCC4D74D}.Release|Any CPU.ActiveCfg = Release|Any CPU
		{F98F33BF-29BD-40AF-BAC9-224FFCC4D74D}.Release|Any CPU.Build.0 = Release|Any CPU
	EndGlobalSection
	GlobalSection(SolutionProperties) = preSolution
		HideSolutionNode = FALSE
	EndGlobalSection
	GlobalSection(ExtensibilityGlobals) = postSolution
		SolutionGuid = {FC5B0E9B-81DE-4039-A41F-D50D7CEDF973}
	EndGlobalSection
EndGlobal
